
Microsoft Visual Studio Solution File, Format Version 12.00
# Visual Studio Version 17
VisualStudioVersion = 17.4.33205.214
MinimumVisualStudioVersion = 10.0.40219.1
Project("{FAE04EC0-301F-11D3-BF4B-00C04F79EFBC}") = "ConcertTest", "ConcertTest\ConcertTest.csproj", "{77E82777-5CFC-421A-867B-790899DAB28B}"
EndProject
Global
	GlobalSection(SolutionConfigurationPlatforms) = preSolution
		Debug|Any CPU = Debug|Any CPU
		Release|Any CPU = Release|Any CPU
	EndGlobalSection
	GlobalSection(ProjectConfigurationPlatforms) = postSolution
		{77E82777-5CFC-421A-867B-790899DAB28B}.Debug|Any CPU.ActiveCfg = Debug|Any CPU
		{77E82777-5CFC-421A-867B-790899DAB28B}.Debug|Any CPU.Build.0 = Debug|Any CPU
		{77E82777-5CFC-421A-867B-790899DAB28B}.Release|Any CPU.ActiveCfg = Release|Any CPU
		{77E82777-5CFC-421A-867B-790899DAB28B}.Release|Any CPU.Build.0 = Release|Any CPU
	EndGlobalSection
	GlobalSection(SolutionProperties) = preSolution
		HideSolutionNode = FALSE
	EndGlobalSection
	GlobalSection(ExtensibilityGlobals) = postSolution
		SolutionGuid = {5862A145-D04F-43A8-A1E6-033310BC7DF7}
	EndGlobalSection
EndGlobal
